
Microsoft Visual Studio Solution File, Format Version 12.00
# Visual Studio Version 17
VisualStudioVersion = 17.11.35303.130
MinimumVisualStudioVersion = 10.0.40219.1
Project("{FAE04EC0-301F-11D3-BF4B-00C04F79EFBC}") = "CadFerreteria", "CadFerreteria\CadFerreteria.csproj", "{85EF493A-6099-463A-9EEF-A97277EE1E96}"
EndProject
Project("{FAE04EC0-301F-11D3-BF4B-00C04F79EFBC}") = "ClnFerreteria", "ClnFerreteria\ClnFerreteria.csproj", "{DC1FC901-41A8-47EE-98CE-02FBEA86541A}"
EndProject
Project("{FAE04EC0-301F-11D3-BF4B-00C04F79EFBC}") = "CpFerreteria", "CpFerreteria\CpFerreteria.csproj", "{D375AC98-76FA-4442-B990-DF81AD5069FB}"
EndProject
Project("{FAE04EC0-301F-11D3-BF4B-00C04F79EFBC}") = "WebFerreteria", "WebFerreteria\WebFerreteria.csproj", "{2D46C032-5CF7-4DFE-84DA-491FBED25CC7}"
EndProject
Global
	GlobalSection(SolutionConfigurationPlatforms) = preSolution
		Debug|Any CPU = Debug|Any CPU
		Release|Any CPU = Release|Any CPU
	EndGlobalSection
	GlobalSection(ProjectConfigurationPlatforms) = postSolution
		{85EF493A-6099-463A-9EEF-A97277EE1E96}.Debug|Any CPU.ActiveCfg = Debug|Any CPU
		{85EF493A-6099-463A-9EEF-A97277EE1E96}.Debug|Any CPU.Build.0 = Debug|Any CPU
		{85EF493A-6099-463A-9EEF-A97277EE1E96}.Release|Any CPU.ActiveCfg = Release|Any CPU
		{85EF493A-6099-463A-9EEF-A97277EE1E96}.Release|Any CPU.Build.0 = Release|Any CPU
		{DC1FC901-41A8-47EE-98CE-02FBEA86541A}.Debug|Any CPU.ActiveCfg = Debug|Any CPU
		{DC1FC901-41A8-47EE-98CE-02FBEA86541A}.Debug|Any CPU.Build.0 = Debug|Any CPU
		{DC1FC901-41A8-47EE-98CE-02FBEA86541A}.Release|Any CPU.ActiveCfg = Release|Any CPU
		{DC1FC901-41A8-47EE-98CE-02FBEA86541A}.Release|Any CPU.Build.0 = Release|Any CPU
		{D375AC98-76FA-4442-B990-DF81AD5069FB}.Debug|Any CPU.ActiveCfg = Debug|Any CPU
		{D375AC98-76FA-4442-B990-DF81AD5069FB}.Debug|Any CPU.Build.0 = Debug|Any CPU
		{D375AC98-76FA-4442-B990-DF81AD5069FB}.Release|Any CPU.ActiveCfg = Release|Any CPU
		{D375AC98-76FA-4442-B990-DF81AD5069FB}.Release|Any CPU.Build.0 = Release|Any CPU
		{2D46C032-5CF7-4DFE-84DA-491FBED25CC7}.Debug|Any CPU.ActiveCfg = Debug|Any CPU
		{2D46C032-5CF7-4DFE-84DA-491FBED25CC7}.Debug|Any CPU.Build.0 = Debug|Any CPU
		{2D46C032-5CF7-4DFE-84DA-491FBED25CC7}.Release|Any CPU.ActiveCfg = Release|Any CPU
		{2D46C032-5CF7-4DFE-84DA-491FBED25CC7}.Release|Any CPU.Build.0 = Release|Any CPU
	EndGlobalSection
	GlobalSection(SolutionProperties) = preSolution
		HideSolutionNode = FALSE
	EndGlobalSection
	GlobalSection(ExtensibilityGlobals) = postSolution
		SolutionGuid = {81C25401-4EE8-4656-9A37-91F50E0381F2}
	EndGlobalSection
EndGlobal
